
Microsoft Visual Studio Solution File, Format Version 12.00
# Visual Studio Version 17
VisualStudioVersion = 17.0.31903.59
MinimumVisualStudioVersion = 10.0.40219.1
Project("{2150E333-8FDC-42A3-9474-1A3956D46DE8}") = "common", "common", "{96E60FCB-F11D-4E4E-AD5D-F23DC0221CF8}"
	ProjectSection(SolutionItems) = preProject
		src\service\docker-compose.yaml = src\service\docker-compose.yaml
		Directory.Build.props = Directory.Build.props
		Directory.Packages.props = Directory.Packages.props
	EndProjectSection
EndProject
Project("{2150E333-8FDC-42A3-9474-1A3956D46DE8}") = "src", "src", "{CA47BC86-1E6D-4AD4-BDA9-4578CE174F69}"
EndProject
Project("{2150E333-8FDC-42A3-9474-1A3956D46DE8}") = "gateway", "gateway", "{312741E7-38A7-468D-A2E7-9311768FF8C4}"
EndProject
Project("{2150E333-8FDC-42A3-9474-1A3956D46DE8}") = "service", "service", "{3284E084-23E7-4192-A835-2974EB18CACA}"
EndProject
Project("{FAE04EC0-301F-11D3-BF4B-00C04F79EFBC}") = "HttpGateway", "src\gateway\HttpGateway\HttpGateway.csproj", "{F7FCCE48-9FF8-4415-AFBC-921940B69C95}"
EndProject
Project("{FAE04EC0-301F-11D3-BF4B-00C04F79EFBC}") = "HttpGateway.Clients", "src\gateway\HttpGateway.Clients\HttpGateway.Clients.csproj", "{4FFF6804-6CBB-4716-8B3F-71D3E1BCDE91}"
EndProject
Project("{FAE04EC0-301F-11D3-BF4B-00C04F79EFBC}") = "HttpGateway.Models", "src\gateway\HttpGateway.Models\HttpGateway.Models.csproj", "{2246252A-DA7F-447E-86A0-5CE4C4A7B408}"
EndProject
Project("{2150E333-8FDC-42A3-9474-1A3956D46DE8}") = "Configuration", "Configuration", "{180B066D-EE67-4F71-BE55-D912C5B985A4}"
EndProject
Project("{2150E333-8FDC-42A3-9474-1A3956D46DE8}") = "Infrastructure", "Infrastructure", "{AB2AAF85-527B-4877-BED4-5CA6D3EB2D0B}"
EndProject
Project("{2150E333-8FDC-42A3-9474-1A3956D46DE8}") = "Kafka", "Kafka", "{BFE1E707-1183-4E2B-866B-E73F514767E1}"
EndProject
Project("{2150E333-8FDC-42A3-9474-1A3956D46DE8}") = "Presentation", "Presentation", "{D42E4462-9397-4528-92B7-E2DEB3723023}"
EndProject
Project("{2150E333-8FDC-42A3-9474-1A3956D46DE8}") = "Application", "Application", "{6868A741-0B33-4110-BFA4-820A74ABA0A2}"
EndProject
Project("{FAE04EC0-301F-11D3-BF4B-00C04F79EFBC}") = "Application.Abs", "src\gateway\HttpGateway\HttpGateway.csproj", "{F7FCCE48-9FF8-4415-AFBC-921940B69C95}"
EndProject
Project("{FAE04EC0-301F-11D3-BF4B-00C04F79EFBC}") = "Application", "src\service\Application\Application\Application.csproj", "{07435476-98B4-49AA-8830-7E4C8AC9B7E1}"
EndProject
Project("{FAE04EC0-301F-11D3-BF4B-00C04F79EFBC}") = "Application", "src\service\Application\Application.Abstractions\Application.Abstractions.csproj", "{07435476-98B4-49AA-8830-7E4C8AC9B7E1}"
EndProject
Project("{FAE04EC0-301F-11D3-BF4B-00C04F79EFBC}") = "Application.Contracts", "src\service\Application\Application.Contracts\Application.Contracts.csproj", "{2729F50C-ECB5-4361-BEBD-0BD14EBAF03D}"
EndProject
Project("{FAE04EC0-301F-11D3-BF4B-00C04F79EFBC}") = "Application.Contracts", "src\service\Application\Application.Exceptions\Application.Exceptions.csproj", "{2729F50C-ECB5-4361-BEBD-0BD14EBAF03D}"
EndProject
Project("{FAE04EC0-301F-11D3-BF4B-00C04F79EFBC}") = "Application.Contracts", "src\service\Application\Application.Models\Application.Models.csproj", "{2729F50C-ECB5-4361-BEBD-0BD14EBAF03D}"
EndProject
Project("{FAE04EC0-301F-11D3-BF4B-00C04F79EFBC}") = "Configuration.Client", "src\service\Configuration\Configuration.Client\Configuration.Client.csproj", "{1CEA4074-E9AE-4EFD-9DBB-4FB8BB49375E}"
EndProject
Project("{FAE04EC0-301F-11D3-BF4B-00C04F79EFBC}") = "Configuration.Client", "src\service\Configuration\Configuration.Models\Configuration.Models.csproj", "{1CEA4074-E9AE-4EFD-9DBB-4FB8BB49375E}"
EndProject
Project("{FAE04EC0-301F-11D3-BF4B-00C04F79EFBC}") = "Configuration.Client", "src\service\Configuration\Configuration.Provider\Configuration.Provider.csproj", "{1CEA4074-E9AE-4EFD-9DBB-4FB8BB49375E}"
EndProject
Project("{FAE04EC0-301F-11D3-BF4B-00C04F79EFBC}") = "Infrastructure.Persistence", "src\service\Infrastructure\Infrastructure.Persistence\Infrastructure.Persistence.csproj", "{D30EC701-68FF-46B0-9389-36B5BE4F00FD}"
EndProject
Project("{FAE04EC0-301F-11D3-BF4B-00C04F79EFBC}") = "Kafka.Common", "src\service\Kafka\Kafka.Common\Kafka.Common.csproj", "{0260011E-77A9-4EB4-BDDB-405ADF24C1C0}"
EndProject
Project("{FAE04EC0-301F-11D3-BF4B-00C04F79EFBC}") = "Kafka.Common", "src\service\Kafka\Kafka.Consumer\Kafka.Consumer.csproj", "{0260011E-77A9-4EB4-BDDB-405ADF24C1C0}"
EndProject
Project("{FAE04EC0-301F-11D3-BF4B-00C04F79EFBC}") = "Kafka.Common", "src\service\Kafka\Kafka.Producer\Kafka.Producer.csproj", "{0260011E-77A9-4EB4-BDDB-405ADF24C1C0}"
EndProject
Project("{FAE04EC0-301F-11D3-BF4B-00C04F79EFBC}") = "Presentation.Grpc", "src\service\Presentation\Presentation.Grpc\Presentation.Grpc.csproj", "{F5EF024A-12FC-4A36-9186-8222461F843B}"
EndProject
Project("{FAE04EC0-301F-11D3-BF4B-00C04F79EFBC}") = "Presentation.Grpc", "src\service\Presentation\Presentation.Kafka\Presentation.Kafka.csproj", "{F5EF024A-12FC-4A36-9186-8222461F843B}"
EndProject
Project("{FAE04EC0-301F-11D3-BF4B-00C04F79EFBC}") = "FinalService", "src\service\FinalService\FinalService.csproj", "{7DF1938B-C3B4-4151-9722-4419FAFDC521}"
EndProject
Global
	GlobalSection(SolutionConfigurationPlatforms) = preSolution
		Debug|Any CPU = Debug|Any CPU
		Release|Any CPU = Release|Any CPU
	EndGlobalSection
	GlobalSection(SolutionProperties) = preSolution
		HideSolutionNode = FALSE
	EndGlobalSection
	GlobalSection(NestedProjects) = preSolution
		{312741E7-38A7-468D-A2E7-9311768FF8C4} = {CA47BC86-1E6D-4AD4-BDA9-4578CE174F69}
		{3284E084-23E7-4192-A835-2974EB18CACA} = {CA47BC86-1E6D-4AD4-BDA9-4578CE174F69}
		{F7FCCE48-9FF8-4415-AFBC-921940B69C95} = {312741E7-38A7-468D-A2E7-9311768FF8C4}
		{4FFF6804-6CBB-4716-8B3F-71D3E1BCDE91} = {312741E7-38A7-468D-A2E7-9311768FF8C4}
		{2246252A-DA7F-447E-86A0-5CE4C4A7B408} = {312741E7-38A7-468D-A2E7-9311768FF8C4}
		{180B066D-EE67-4F71-BE55-D912C5B985A4} = {3284E084-23E7-4192-A835-2974EB18CACA}
		{AB2AAF85-527B-4877-BED4-5CA6D3EB2D0B} = {3284E084-23E7-4192-A835-2974EB18CACA}
		{BFE1E707-1183-4E2B-866B-E73F514767E1} = {3284E084-23E7-4192-A835-2974EB18CACA}
		{D42E4462-9397-4528-92B7-E2DEB3723023} = {3284E084-23E7-4192-A835-2974EB18CACA}
		{6868A741-0B33-4110-BFA4-820A74ABA0A2} = {3284E084-23E7-4192-A835-2974EB18CACA}
		{07435476-98B4-49AA-8830-7E4C8AC9B7E1} = {6868A741-0B33-4110-BFA4-820A74ABA0A2}
		{2729F50C-ECB5-4361-BEBD-0BD14EBAF03D} = {6868A741-0B33-4110-BFA4-820A74ABA0A2}
		{1CEA4074-E9AE-4EFD-9DBB-4FB8BB49375E} = {180B066D-EE67-4F71-BE55-D912C5B985A4}
		{D30EC701-68FF-46B0-9389-36B5BE4F00FD} = {AB2AAF85-527B-4877-BED4-5CA6D3EB2D0B}
		{0260011E-77A9-4EB4-BDDB-405ADF24C1C0} = {BFE1E707-1183-4E2B-866B-E73F514767E1}
		{F5EF024A-12FC-4A36-9186-8222461F843B} = {D42E4462-9397-4528-92B7-E2DEB3723023}
		{7DF1938B-C3B4-4151-9722-4419FAFDC521} = {3284E084-23E7-4192-A835-2974EB18CACA}
	EndGlobalSection
	GlobalSection(ProjectConfigurationPlatforms) = postSolution
		{F7FCCE48-9FF8-4415-AFBC-921940B69C95}.Debug|Any CPU.ActiveCfg = Debug|Any CPU
		{F7FCCE48-9FF8-4415-AFBC-921940B69C95}.Debug|Any CPU.Build.0 = Debug|Any CPU
		{F7FCCE48-9FF8-4415-AFBC-921940B69C95}.Release|Any CPU.ActiveCfg = Release|Any CPU
		{F7FCCE48-9FF8-4415-AFBC-921940B69C95}.Release|Any CPU.Build.0 = Release|Any CPU
		{4FFF6804-6CBB-4716-8B3F-71D3E1BCDE91}.Debug|Any CPU.ActiveCfg = Debug|Any CPU
		{4FFF6804-6CBB-4716-8B3F-71D3E1BCDE91}.Debug|Any CPU.Build.0 = Debug|Any CPU
		{4FFF6804-6CBB-4716-8B3F-71D3E1BCDE91}.Release|Any CPU.ActiveCfg = Release|Any CPU
		{4FFF6804-6CBB-4716-8B3F-71D3E1BCDE91}.Release|Any CPU.Build.0 = Release|Any CPU
		{2246252A-DA7F-447E-86A0-5CE4C4A7B408}.Debug|Any CPU.ActiveCfg = Debug|Any CPU
		{2246252A-DA7F-447E-86A0-5CE4C4A7B408}.Debug|Any CPU.Build.0 = Debug|Any CPU
		{2246252A-DA7F-447E-86A0-5CE4C4A7B408}.Release|Any CPU.ActiveCfg = Release|Any CPU
		{2246252A-DA7F-447E-86A0-5CE4C4A7B408}.Release|Any CPU.Build.0 = Release|Any CPU
		{07435476-98B4-49AA-8830-7E4C8AC9B7E1}.Debug|Any CPU.ActiveCfg = Debug|Any CPU
		{07435476-98B4-49AA-8830-7E4C8AC9B7E1}.Debug|Any CPU.Build.0 = Debug|Any CPU
		{07435476-98B4-49AA-8830-7E4C8AC9B7E1}.Release|Any CPU.ActiveCfg = Release|Any CPU
		{07435476-98B4-49AA-8830-7E4C8AC9B7E1}.Release|Any CPU.Build.0 = Release|Any CPU
		{2729F50C-ECB5-4361-BEBD-0BD14EBAF03D}.Debug|Any CPU.ActiveCfg = Debug|Any CPU
		{2729F50C-ECB5-4361-BEBD-0BD14EBAF03D}.Debug|Any CPU.Build.0 = Debug|Any CPU
		{2729F50C-ECB5-4361-BEBD-0BD14EBAF03D}.Release|Any CPU.ActiveCfg = Release|Any CPU
		{2729F50C-ECB5-4361-BEBD-0BD14EBAF03D}.Release|Any CPU.Build.0 = Release|Any CPU
		{1CEA4074-E9AE-4EFD-9DBB-4FB8BB49375E}.Debug|Any CPU.ActiveCfg = Debug|Any CPU
		{1CEA4074-E9AE-4EFD-9DBB-4FB8BB49375E}.Debug|Any CPU.Build.0 = Debug|Any CPU
		{1CEA4074-E9AE-4EFD-9DBB-4FB8BB49375E}.Release|Any CPU.ActiveCfg = Release|Any CPU
		{1CEA4074-E9AE-4EFD-9DBB-4FB8BB49375E}.Release|Any CPU.Build.0 = Release|Any CPU
		{D30EC701-68FF-46B0-9389-36B5BE4F00FD}.Debug|Any CPU.ActiveCfg = Debug|Any CPU
		{D30EC701-68FF-46B0-9389-36B5BE4F00FD}.Debug|Any CPU.Build.0 = Debug|Any CPU
		{D30EC701-68FF-46B0-9389-36B5BE4F00FD}.Release|Any CPU.ActiveCfg = Release|Any CPU
		{D30EC701-68FF-46B0-9389-36B5BE4F00FD}.Release|Any CPU.Build.0 = Release|Any CPU
		{0260011E-77A9-4EB4-BDDB-405ADF24C1C0}.Debug|Any CPU.ActiveCfg = Debug|Any CPU
		{0260011E-77A9-4EB4-BDDB-405ADF24C1C0}.Debug|Any CPU.Build.0 = Debug|Any CPU
		{0260011E-77A9-4EB4-BDDB-405ADF24C1C0}.Release|Any CPU.ActiveCfg = Release|Any CPU
		{0260011E-77A9-4EB4-BDDB-405ADF24C1C0}.Release|Any CPU.Build.0 = Release|Any CPU
		{F5EF024A-12FC-4A36-9186-8222461F843B}.Debug|Any CPU.ActiveCfg = Debug|Any CPU
		{F5EF024A-12FC-4A36-9186-8222461F843B}.Debug|Any CPU.Build.0 = Debug|Any CPU
		{F5EF024A-12FC-4A36-9186-8222461F843B}.Release|Any CPU.ActiveCfg = Release|Any CPU
		{F5EF024A-12FC-4A36-9186-8222461F843B}.Release|Any CPU.Build.0 = Release|Any CPU
		{7DF1938B-C3B4-4151-9722-4419FAFDC521}.Debug|Any CPU.ActiveCfg = Debug|Any CPU
		{7DF1938B-C3B4-4151-9722-4419FAFDC521}.Debug|Any CPU.Build.0 = Debug|Any CPU
		{7DF1938B-C3B4-4151-9722-4419FAFDC521}.Release|Any CPU.ActiveCfg = Release|Any CPU
		{7DF1938B-C3B4-4151-9722-4419FAFDC521}.Release|Any CPU.Build.0 = Release|Any CPU
	EndGlobalSection
EndGlobal
